{
    "name": "kenan-kirby-template",
    "version": "1.0.0",
    "lockfileVersion": 3,
    "requires": true,
    "packages": {
        "": {
            "name": "kenan-kirby-template",
            "version": "1.0.0",
            "dependencies": {
                "@glidejs/glide": "^3.6.0",
                "jquery": "latest"
            }
        },
        "node_modules/@glidejs/glide": {
            "version": "3.6.0",
            "resolved": "https://registry.npmjs.org/@glidejs/glide/-/glide-3.6.0.tgz",
            "integrity": "sha512-47Aa+JmYjY4xTFpTtYCwrqirmI1arnp1UZETwtWpbTPisXUAuxrdJxKJLH8KHFWMsSrLi9+AcfyfzDIuO75rEA=="
        },
        "node_modules/jquery": {
            "version": "3.7.1",
            "resolved": "https://registry.npmjs.org/jquery/-/jquery-3.7.1.tgz",
            "integrity": "sha512-m4avr8yL8kmFN8psrbFFFmB/If14iN5o9nw/NgnnM+kybDJpRsAynV2BsfpTYrTRysYUdADVD7CkUUizgkpLfg=="
        }
    }
}
